
Microsoft Visual Studio Solution File, Format Version 12.00
# Visual Studio Version 17
VisualStudioVersion = 17.9.34728.123
MinimumVisualStudioVersion = 10.0.40219.1
Project("{FAE04EC0-301F-11D3-BF4B-00C04F79EFBC}") = "CarManagement.API", "CarManagement.API\CarManagement.API.csproj", "{2052072E-ECB0-45A7-B375-D5CF3BEAB108}"
EndProject
Project("{FAE04EC0-301F-11D3-BF4B-00C04F79EFBC}") = "CarManagement.Domain", "CarManagement.Domain\CarManagement.Domain.csproj", "{EC2562B2-7399-4F4B-99B2-719576078981}"
EndProject
Project("{FAE04EC0-301F-11D3-BF4B-00C04F79EFBC}") = "CarManagement.Application", "CarManagement.Application\CarManagement.Application.csproj", "{C041770D-E361-4045-B702-FD85A92D5565}"
EndProject
Project("{FAE04EC0-301F-11D3-BF4B-00C04F79EFBC}") = "CarManagement.Infrastructure", "CarManagement.Infrastructure\CarManagement.Infrastructure.csproj", "{08ED76B1-C826-4721-B27E-64C53BCBF547}"
EndProject
Global
	GlobalSection(SolutionConfigurationPlatforms) = preSolution
		Debug|Any CPU = Debug|Any CPU
		Release|Any CPU = Release|Any CPU
	EndGlobalSection
	GlobalSection(ProjectConfigurationPlatforms) = postSolution
		{2052072E-ECB0-45A7-B375-D5CF3BEAB108}.Debug|Any CPU.ActiveCfg = Debug|Any CPU
		{2052072E-ECB0-45A7-B375-D5CF3BEAB108}.Debug|Any CPU.Build.0 = Debug|Any CPU
		{2052072E-ECB0-45A7-B375-D5CF3BEAB108}.Release|Any CPU.ActiveCfg = Release|Any CPU
		{2052072E-ECB0-45A7-B375-D5CF3BEAB108}.Release|Any CPU.Build.0 = Release|Any CPU
		{EC2562B2-7399-4F4B-99B2-719576078981}.Debug|Any CPU.ActiveCfg = Debug|Any CPU
		{EC2562B2-7399-4F4B-99B2-719576078981}.Debug|Any CPU.Build.0 = Debug|Any CPU
		{EC2562B2-7399-4F4B-99B2-719576078981}.Release|Any CPU.ActiveCfg = Release|Any CPU
		{EC2562B2-7399-4F4B-99B2-719576078981}.Release|Any CPU.Build.0 = Release|Any CPU
		{C041770D-E361-4045-B702-FD85A92D5565}.Debug|Any CPU.ActiveCfg = Debug|Any CPU
		{C041770D-E361-4045-B702-FD85A92D5565}.Debug|Any CPU.Build.0 = Debug|Any CPU
		{C041770D-E361-4045-B702-FD85A92D5565}.Release|Any CPU.ActiveCfg = Release|Any CPU
		{C041770D-E361-4045-B702-FD85A92D5565}.Release|Any CPU.Build.0 = Release|Any CPU
		{08ED76B1-C826-4721-B27E-64C53BCBF547}.Debug|Any CPU.ActiveCfg = Debug|Any CPU
		{08ED76B1-C826-4721-B27E-64C53BCBF547}.Debug|Any CPU.Build.0 = Debug|Any CPU
		{08ED76B1-C826-4721-B27E-64C53BCBF547}.Release|Any CPU.ActiveCfg = Release|Any CPU
		{08ED76B1-C826-4721-B27E-64C53BCBF547}.Release|Any CPU.Build.0 = Release|Any CPU
	EndGlobalSection
	GlobalSection(SolutionProperties) = preSolution
		HideSolutionNode = FALSE
	EndGlobalSection
	GlobalSection(ExtensibilityGlobals) = postSolution
		SolutionGuid = {A7B6C501-6501-4E70-8EC7-6798793AF7C8}
	EndGlobalSection
EndGlobal
